
Microsoft Visual Studio Solution File, Format Version 12.00
# Visual Studio Version 17
VisualStudioVersion = 17.5.33516.290
MinimumVisualStudioVersion = 10.0.40219.1
Project("{FAE04EC0-301F-11D3-BF4B-00C04F79EFBC}") = "rmedinaExamen.Android", "rmedinaExamen.Android\rmedinaExamen.Android.csproj", "{BF14B568-3551-471E-8151-6DABF7906CB5}"
EndProject
Project("{FAE04EC0-301F-11D3-BF4B-00C04F79EFBC}") = "rmedinaExamen.iOS", "rmedinaExamen.iOS\rmedinaExamen.iOS.csproj", "{8ED65809-708A-476A-BEBB-86FF88321E64}"
EndProject
Project("{FAE04EC0-301F-11D3-BF4B-00C04F79EFBC}") = "rmedinaExamen", "rmedinaExamen\rmedinaExamen.csproj", "{1433F7B6-623F-420A-A5E4-1B04F21E1D1D}"
EndProject
Global
	GlobalSection(SolutionConfigurationPlatforms) = preSolution
		Debug|Any CPU = Debug|Any CPU
		Debug|iPhone = Debug|iPhone
		Debug|iPhoneSimulator = Debug|iPhoneSimulator
		Release|Any CPU = Release|Any CPU
		Release|iPhone = Release|iPhone
		Release|iPhoneSimulator = Release|iPhoneSimulator
	EndGlobalSection
	GlobalSection(ProjectConfigurationPlatforms) = postSolution
		{BF14B568-3551-471E-8151-6DABF7906CB5}.Debug|Any CPU.ActiveCfg = Debug|Any CPU
		{BF14B568-3551-471E-8151-6DABF7906CB5}.Debug|Any CPU.Build.0 = Debug|Any CPU
		{BF14B568-3551-471E-8151-6DABF7906CB5}.Debug|Any CPU.Deploy.0 = Debug|Any CPU
		{BF14B568-3551-471E-8151-6DABF7906CB5}.Debug|iPhone.ActiveCfg = Debug|Any CPU
		{BF14B568-3551-471E-8151-6DABF7906CB5}.Debug|iPhone.Build.0 = Debug|Any CPU
		{BF14B568-3551-471E-8151-6DABF7906CB5}.Debug|iPhone.Deploy.0 = Debug|Any CPU
		{BF14B568-3551-471E-8151-6DABF7906CB5}.Debug|iPhoneSimulator.ActiveCfg = Debug|Any CPU
		{BF14B568-3551-471E-8151-6DABF7906CB5}.Debug|iPhoneSimulator.Build.0 = Debug|Any CPU
		{BF14B568-3551-471E-8151-6DABF7906CB5}.Debug|iPhoneSimulator.Deploy.0 = Debug|Any CPU
		{BF14B568-3551-471E-8151-6DABF7906CB5}.Release|Any CPU.ActiveCfg = Release|Any CPU
		{BF14B568-3551-471E-8151-6DABF7906CB5}.Release|Any CPU.Build.0 = Release|Any CPU
		{BF14B568-3551-471E-8151-6DABF7906CB5}.Release|Any CPU.Deploy.0 = Release|Any CPU
		{BF14B568-3551-471E-8151-6DABF7906CB5}.Release|iPhone.ActiveCfg = Release|Any CPU
		{BF14B568-3551-471E-8151-6DABF7906CB5}.Release|iPhone.Build.0 = Release|Any CPU
		{BF14B568-3551-471E-8151-6DABF7906CB5}.Release|iPhone.Deploy.0 = Release|Any CPU
		{BF14B568-3551-471E-8151-6DABF7906CB5}.Release|iPhoneSimulator.ActiveCfg = Release|Any CPU
		{BF14B568-3551-471E-8151-6DABF7906CB5}.Release|iPhoneSimulator.Build.0 = Release|Any CPU
		{BF14B568-3551-471E-8151-6DABF7906CB5}.Release|iPhoneSimulator.Deploy.0 = Release|Any CPU
		{8ED65809-708A-476A-BEBB-86FF88321E64}.Debug|Any CPU.ActiveCfg = Debug|iPhone
		{8ED65809-708A-476A-BEBB-86FF88321E64}.Debug|Any CPU.Build.0 = Debug|iPhone
		{8ED65809-708A-476A-BEBB-86FF88321E64}.Debug|Any CPU.Deploy.0 = Debug|iPhone
		{8ED65809-708A-476A-BEBB-86FF88321E64}.Debug|iPhone.ActiveCfg = Debug|iPhone
		{8ED65809-708A-476A-BEBB-86FF88321E64}.Debug|iPhone.Build.0 = Debug|iPhone
		{8ED65809-708A-476A-BEBB-86FF88321E64}.Debug|iPhone.Deploy.0 = Debug|iPhone
		{8ED65809-708A-476A-BEBB-86FF88321E64}.Debug|iPhoneSimulator.ActiveCfg = Debug|iPhoneSimulator
		{8ED65809-708A-476A-BEBB-86FF88321E64}.Debug|iPhoneSimulator.Build.0 = Debug|iPhoneSimulator
		{8ED65809-708A-476A-BEBB-86FF88321E64}.Debug|iPhoneSimulator.Deploy.0 = Debug|iPhoneSimulator
		{8ED65809-708A-476A-BEBB-86FF88321E64}.Release|Any CPU.ActiveCfg = Release|iPhoneSimulator
		{8ED65809-708A-476A-BEBB-86FF88321E64}.Release|Any CPU.Build.0 = Release|iPhoneSimulator
		{8ED65809-708A-476A-BEBB-86FF88321E64}.Release|Any CPU.Deploy.0 = Release|iPhoneSimulator
		{8ED65809-708A-476A-BEBB-86FF88321E64}.Release|iPhone.ActiveCfg = Release|iPhone
		{8ED65809-708A-476A-BEBB-86FF88321E64}.Release|iPhone.Build.0 = Release|iPhone
		{8ED65809-708A-476A-BEBB-86FF88321E64}.Release|iPhone.Deploy.0 = Release|iPhone
		{8ED65809-708A-476A-BEBB-86FF88321E64}.Release|iPhoneSimulator.ActiveCfg = Release|iPhoneSimulator
		{8ED65809-708A-476A-BEBB-86FF88321E64}.Release|iPhoneSimulator.Build.0 = Release|iPhoneSimulator
		{8ED65809-708A-476A-BEBB-86FF88321E64}.Release|iPhoneSimulator.Deploy.0 = Release|iPhoneSimulator
		{1433F7B6-623F-420A-A5E4-1B04F21E1D1D}.Debug|Any CPU.ActiveCfg = Debug|Any CPU
		{1433F7B6-623F-420A-A5E4-1B04F21E1D1D}.Debug|Any CPU.Build.0 = Debug|Any CPU
		{1433F7B6-623F-420A-A5E4-1B04F21E1D1D}.Debug|Any CPU.Deploy.0 = Debug|Any CPU
		{1433F7B6-623F-420A-A5E4-1B04F21E1D1D}.Debug|iPhone.ActiveCfg = Debug|Any CPU
		{1433F7B6-623F-420A-A5E4-1B04F21E1D1D}.Debug|iPhone.Build.0 = Debug|Any CPU
		{1433F7B6-623F-420A-A5E4-1B04F21E1D1D}.Debug|iPhone.Deploy.0 = Debug|Any CPU
		{1433F7B6-623F-420A-A5E4-1B04F21E1D1D}.Debug|iPhoneSimulator.ActiveCfg = Debug|Any CPU
		{1433F7B6-623F-420A-A5E4-1B04F21E1D1D}.Debug|iPhoneSimulator.Build.0 = Debug|Any CPU
		{1433F7B6-623F-420A-A5E4-1B04F21E1D1D}.Debug|iPhoneSimulator.Deploy.0 = Debug|Any CPU
		{1433F7B6-623F-420A-A5E4-1B04F21E1D1D}.Release|Any CPU.ActiveCfg = Release|Any CPU
		{1433F7B6-623F-420A-A5E4-1B04F21E1D1D}.Release|Any CPU.Build.0 = Release|Any CPU
		{1433F7B6-623F-420A-A5E4-1B04F21E1D1D}.Release|Any CPU.Deploy.0 = Release|Any CPU
		{1433F7B6-623F-420A-A5E4-1B04F21E1D1D}.Release|iPhone.ActiveCfg = Release|Any CPU
		{1433F7B6-623F-420A-A5E4-1B04F21E1D1D}.Release|iPhone.Build.0 = Release|Any CPU
		{1433F7B6-623F-420A-A5E4-1B04F21E1D1D}.Release|iPhone.Deploy.0 = Release|Any CPU
		{1433F7B6-623F-420A-A5E4-1B04F21E1D1D}.Release|iPhoneSimulator.ActiveCfg = Release|Any CPU
		{1433F7B6-623F-420A-A5E4-1B04F21E1D1D}.Release|iPhoneSimulator.Build.0 = Release|Any CPU
		{1433F7B6-623F-420A-A5E4-1B04F21E1D1D}.Release|iPhoneSimulator.Deploy.0 = Release|Any CPU
	EndGlobalSection
	GlobalSection(SolutionProperties) = preSolution
		HideSolutionNode = FALSE
	EndGlobalSection
	GlobalSection(ExtensibilityGlobals) = postSolution
		SolutionGuid = {C26B70C1-E5A0-464B-9E40-972C73BD8A64}
	EndGlobalSection
EndGlobal
